
Microsoft Visual Studio Solution File, Format Version 12.00
# Visual Studio Version 17
VisualStudioVersion = 17.0.31903.59
MinimumVisualStudioVersion = 10.0.40219.1
Project("{9A19103F-16F7-4668-BE54-9A1E7A4F7556}") = "StrykerNetDemo", "StrykerNetDemo\StrykerNetDemo.csproj", "{B380A0A7-0BF7-456E-AA8C-AF26D4D1162A}"
EndProject
Project("{9A19103F-16F7-4668-BE54-9A1E7A4F7556}") = "StrykerNetDemo.Tests", "..\tests\StrykerNetDemo.Tests\StrykerNetDemo.Tests.csproj", "{2B357399-7469-454E-BA41-336D432C24DA}"
EndProject
Project("{2150E333-8FDC-42A3-9474-1A3956D46DE8}") = "Tests", "Tests", "{460D03AD-7290-4D01-AB18-D70A1430AADD}"
EndProject
Global
	GlobalSection(SolutionConfigurationPlatforms) = preSolution
		Debug|Any CPU = Debug|Any CPU
		Release|Any CPU = Release|Any CPU
	EndGlobalSection
	GlobalSection(ProjectConfigurationPlatforms) = postSolution
		{B380A0A7-0BF7-456E-AA8C-AF26D4D1162A}.Debug|Any CPU.ActiveCfg = Debug|Any CPU
		{B380A0A7-0BF7-456E-AA8C-AF26D4D1162A}.Debug|Any CPU.Build.0 = Debug|Any CPU
		{B380A0A7-0BF7-456E-AA8C-AF26D4D1162A}.Release|Any CPU.ActiveCfg = Release|Any CPU
		{B380A0A7-0BF7-456E-AA8C-AF26D4D1162A}.Release|Any CPU.Build.0 = Release|Any CPU
		{2B357399-7469-454E-BA41-336D432C24DA}.Debug|Any CPU.ActiveCfg = Debug|Any CPU
		{2B357399-7469-454E-BA41-336D432C24DA}.Debug|Any CPU.Build.0 = Debug|Any CPU
		{2B357399-7469-454E-BA41-336D432C24DA}.Release|Any CPU.ActiveCfg = Release|Any CPU
		{2B357399-7469-454E-BA41-336D432C24DA}.Release|Any CPU.Build.0 = Release|Any CPU
	EndGlobalSection
	GlobalSection(SolutionProperties) = preSolution
		HideSolutionNode = FALSE
	EndGlobalSection
	GlobalSection(NestedProjects) = preSolution
		{2B357399-7469-454E-BA41-336D432C24DA} = {460D03AD-7290-4D01-AB18-D70A1430AADD}
	EndGlobalSection
	GlobalSection(ExtensibilityGlobals) = postSolution
		SolutionGuid = {FF77700D-08B8-44A1-9149-154786B51EFD}
	EndGlobalSection
EndGlobal
